
Microsoft Visual Studio Solution File, Format Version 12.00
# Visual Studio Version 17
VisualStudioVersion = 17.4.33403.182
MinimumVisualStudioVersion = 10.0.40219.1
Project("{FAE04EC0-301F-11D3-BF4B-00C04F79EFBC}") = "QLBH_thithu", "QLBH_thithu\QLBH_thithu.csproj", "{665A2A7D-3E39-44DE-9919-11D6FC4233BE}"
EndProject
Global
	GlobalSection(SolutionConfigurationPlatforms) = preSolution
		Debug|Any CPU = Debug|Any CPU
		Release|Any CPU = Release|Any CPU
	EndGlobalSection
	GlobalSection(ProjectConfigurationPlatforms) = postSolution
		{665A2A7D-3E39-44DE-9919-11D6FC4233BE}.Debug|Any CPU.ActiveCfg = Debug|Any CPU
		{665A2A7D-3E39-44DE-9919-11D6FC4233BE}.Debug|Any CPU.Build.0 = Debug|Any CPU
		{665A2A7D-3E39-44DE-9919-11D6FC4233BE}.Release|Any CPU.ActiveCfg = Release|Any CPU
		{665A2A7D-3E39-44DE-9919-11D6FC4233BE}.Release|Any CPU.Build.0 = Release|Any CPU
	EndGlobalSection
	GlobalSection(SolutionProperties) = preSolution
		HideSolutionNode = FALSE
	EndGlobalSection
	GlobalSection(ExtensibilityGlobals) = postSolution
		SolutionGuid = {3B9A8A08-5155-4289-8E63-6EEC31E0FBDD}
	EndGlobalSection
EndGlobal
